// !$*UTF8*$!
{
	archiveVersion = 1;
	classes = {
	};
	objectVersion = 55;
	objects = {

/* Begin PBXBuildFile section */
		1726992A2874AF0900074366 /* AppDelegate.swift in Sources */ = {isa = PBXBuildFile; fileRef = 172699292874AF0900074366 /* AppDelegate.swift */; };
		1726992C2874AF0900074366 /* SceneDelegate.swift in Sources */ = {isa = PBXBuildFile; fileRef = 1726992B2874AF0900074366 /* SceneDelegate.swift */; };
		1726992E2874AF0900074366 /* TrendingViewController.swift in Sources */ = {isa = PBXBuildFile; fileRef = 1726992D2874AF0900074366 /* TrendingViewController.swift */; };
		172699332874AF0B00074366 /* Assets.xcassets in Resources */ = {isa = PBXBuildFile; fileRef = 172699322874AF0B00074366 /* Assets.xcassets */; };
		172699362874AF0B00074366 /* LaunchScreen.storyboard in Resources */ = {isa = PBXBuildFile; fileRef = 172699342874AF0B00074366 /* LaunchScreen.storyboard */; };
		172AFD2D288616BC0071FE1E /* TrendingTableViewCell.swift in Sources */ = {isa = PBXBuildFile; fileRef = 172AFD2C288616BC0071FE1E /* TrendingTableViewCell.swift */; };
		172C9B6C287DEDE000999630 /* Movie.swift in Sources */ = {isa = PBXBuildFile; fileRef = 172C9B6B287DEDE000999630 /* Movie.swift */; };
		172C9B79287DF4E500999630 /* Movie+NowPlaying.swift in Sources */ = {isa = PBXBuildFile; fileRef = 172C9B74287DF4E500999630 /* Movie+NowPlaying.swift */; };
		172C9B7A287DF4E500999630 /* Movie+TrendingThisWeek.swift in Sources */ = {isa = PBXBuildFile; fileRef = 172C9B75287DF4E500999630 /* Movie+TrendingThisWeek.swift */; };
		172C9B7B287DF4E500999630 /* Movie+Popular.swift in Sources */ = {isa = PBXBuildFile; fileRef = 172C9B76287DF4E500999630 /* Movie+Popular.swift */; };
		172C9B7C287DF4E500999630 /* Movie+TrendingToday.swift in Sources */ = {isa = PBXBuildFile; fileRef = 172C9B77287DF4E500999630 /* Movie+TrendingToday.swift */; };
		172C9B7D287DF4E500999630 /* Movie+Upcoming.swift in Sources */ = {isa = PBXBuildFile; fileRef = 172C9B78287DF4E500999630 /* Movie+Upcoming.swift */; };
		172C9B7F287E148800999630 /* FeaturedViewController+UICollectionViewDataSource.swift in Sources */ = {isa = PBXBuildFile; fileRef = 172C9B7E287E148800999630 /* FeaturedViewController+UICollectionViewDataSource.swift */; };
		172C9B83287F3FB900999630 /* DetailsViewController.swift in Sources */ = {isa = PBXBuildFile; fileRef = 172C9B82287F3FB900999630 /* DetailsViewController.swift */; };
		172C9B85287F47C500999630 /* FeaturedViewController+UICollectionViewDelegate.swift in Sources */ = {isa = PBXBuildFile; fileRef = 172C9B84287F47C500999630 /* FeaturedViewController+UICollectionViewDelegate.swift */; };
		172C9B882880B0B800999630 /* Main.storyboard in Resources */ = {isa = PBXBuildFile; fileRef = 172C9B872880B0B800999630 /* Main.storyboard */; };
		172C9B8A2881E7A000999630 /* TMDB-Info.plist in Resources */ = {isa = PBXBuildFile; fileRef = 172C9B892881E7A000999630 /* TMDB-Info.plist */; };
		172C9B8C2881EBF700999630 /* Movie+API.swift in Sources */ = {isa = PBXBuildFile; fileRef = 172C9B8B2881EBF700999630 /* Movie+API.swift */; };
		172C9B8E2881F8CA00999630 /* MoviesResponse.swift in Sources */ = {isa = PBXBuildFile; fileRef = 172C9B8D2881F8CA00999630 /* MoviesResponse.swift */; };
		175135E328771794007C6632 /* FeaturedViewController.swift in Sources */ = {isa = PBXBuildFile; fileRef = 175135E228771794007C6632 /* FeaturedViewController.swift */; };
		17E893B2287C966E009C0A00 /* NowPlayingViewCell.swift in Sources */ = {isa = PBXBuildFile; fileRef = 17E893B1287C966E009C0A00 /* NowPlayingViewCell.swift */; };
		17E893B4287C9698009C0A00 /* NowPlayingCollectionViewCell.swift in Sources */ = {isa = PBXBuildFile; fileRef = 17E893B3287C9698009C0A00 /* NowPlayingCollectionViewCell.swift */; };
		17E893B6287C97B9009C0A00 /* UpcomingCollectionViewCell.swift in Sources */ = {isa = PBXBuildFile; fileRef = 17E893B5287C97B8009C0A00 /* UpcomingCollectionViewCell.swift */; };
		17E893B8287C981E009C0A00 /* PopularCollectionViewCell.swift in Sources */ = {isa = PBXBuildFile; fileRef = 17E893B7287C981E009C0A00 /* PopularCollectionViewCell.swift */; };
/* End PBXBuildFile section */

/* Begin PBXFileReference section */
		172699262874AF0900074366 /* MovieBox.app */ = {isa = PBXFileReference; explicitFileType = wrapper.application; includeInIndex = 0; path = MovieBox.app; sourceTree = BUILT_PRODUCTS_DIR; };
		172699292874AF0900074366 /* AppDelegate.swift */ = {isa = PBXFileReference; lastKnownFileType = sourcecode.swift; path = AppDelegate.swift; sourceTree = "<group>"; };
		1726992B2874AF0900074366 /* SceneDelegate.swift */ = {isa = PBXFileReference; lastKnownFileType = sourcecode.swift; path = SceneDelegate.swift; sourceTree = "<group>"; };
		1726992D2874AF0900074366 /* TrendingViewController.swift */ = {isa = PBXFileReference; lastKnownFileType = sourcecode.swift; path = TrendingViewController.swift; sourceTree = "<group>"; };
		172699322874AF0B00074366 /* Assets.xcassets */ = {isa = PBXFileReference; lastKnownFileType = folder.assetcatalog; path = Assets.xcassets; sourceTree = "<group>"; };
		172699352874AF0B00074366 /* Base */ = {isa = PBXFileReference; lastKnownFileType = file.storyboard; name = Base; path = Base.lproj/LaunchScreen.storyboard; sourceTree = "<group>"; };
		172699372874AF0B00074366 /* Info.plist */ = {isa = PBXFileReference; lastKnownFileType = text.plist.xml; path = Info.plist; sourceTree = "<group>"; };
		172AFD2C288616BC0071FE1E /* TrendingTableViewCell.swift */ = {isa = PBXFileReference; lastKnownFileType = sourcecode.swift; path = TrendingTableViewCell.swift; sourceTree = "<group>"; };
		172C9B6B287DEDE000999630 /* Movie.swift */ = {isa = PBXFileReference; lastKnownFileType = sourcecode.swift; path = Movie.swift; sourceTree = "<group>"; };
		172C9B74287DF4E500999630 /* Movie+NowPlaying.swift */ = {isa = PBXFileReference; fileEncoding = 4; lastKnownFileType = sourcecode.swift; path = "Movie+NowPlaying.swift"; sourceTree = "<group>"; };
		172C9B75287DF4E500999630 /* Movie+TrendingThisWeek.swift */ = {isa = PBXFileReference; fileEncoding = 4; lastKnownFileType = sourcecode.swift; path = "Movie+TrendingThisWeek.swift"; sourceTree = "<group>"; };
		172C9B76287DF4E500999630 /* Movie+Popular.swift */ = {isa = PBXFileReference; fileEncoding = 4; lastKnownFileType = sourcecode.swift; path = "Movie+Popular.swift"; sourceTree = "<group>"; };
		172C9B77287DF4E500999630 /* Movie+TrendingToday.swift */ = {isa = PBXFileReference; fileEncoding = 4; lastKnownFileType = sourcecode.swift; path = "Movie+TrendingToday.swift"; sourceTree = "<group>"; };
		172C9B78287DF4E500999630 /* Movie+Upcoming.swift */ = {isa = PBXFileReference; fileEncoding = 4; lastKnownFileType = sourcecode.swift; path = "Movie+Upcoming.swift"; sourceTree = "<group>"; };
		172C9B7E287E148800999630 /* FeaturedViewController+UICollectionViewDataSource.swift */ = {isa = PBXFileReference; lastKnownFileType = sourcecode.swift; path = "FeaturedViewController+UICollectionViewDataSource.swift"; sourceTree = "<group>"; };
		172C9B82287F3FB900999630 /* DetailsViewController.swift */ = {isa = PBXFileReference; lastKnownFileType = sourcecode.swift; path = DetailsViewController.swift; sourceTree = "<group>"; };
		172C9B84287F47C500999630 /* FeaturedViewController+UICollectionViewDelegate.swift */ = {isa = PBXFileReference; lastKnownFileType = sourcecode.swift; path = "FeaturedViewController+UICollectionViewDelegate.swift"; sourceTree = "<group>"; };
		172C9B872880B0B800999630 /* Main.storyboard */ = {isa = PBXFileReference; fileEncoding = 4; lastKnownFileType = file.storyboard; path = Main.storyboard; sourceTree = "<group>"; };
		172C9B892881E7A000999630 /* TMDB-Info.plist */ = {isa = PBXFileReference; lastKnownFileType = text.plist.xml; path = "TMDB-Info.plist"; sourceTree = "<group>"; };
		172C9B8B2881EBF700999630 /* Movie+API.swift */ = {isa = PBXFileReference; fileEncoding = 4; lastKnownFileType = sourcecode.swift; path = "Movie+API.swift"; sourceTree = "<group>"; };
		172C9B8D2881F8CA00999630 /* MoviesResponse.swift */ = {isa = PBXFileReference; lastKnownFileType = sourcecode.swift; path = MoviesResponse.swift; sourceTree = "<group>"; };
		175135E228771794007C6632 /* FeaturedViewController.swift */ = {isa = PBXFileReference; lastKnownFileType = sourcecode.swift; path = FeaturedViewController.swift; sourceTree = "<group>"; };
		17E893B1287C966E009C0A00 /* NowPlayingViewCell.swift */ = {isa = PBXFileReference; lastKnownFileType = sourcecode.swift; path = NowPlayingViewCell.swift; sourceTree = "<group>"; };
		17E893B3287C9698009C0A00 /* NowPlayingCollectionViewCell.swift */ = {isa = PBXFileReference; lastKnownFileType = sourcecode.swift; path = NowPlayingCollectionViewCell.swift; sourceTree = "<group>"; };
		17E893B5287C97B8009C0A00 /* UpcomingCollectionViewCell.swift */ = {isa = PBXFileReference; lastKnownFileType = sourcecode.swift; path = UpcomingCollectionViewCell.swift; sourceTree = "<group>"; };
		17E893B7287C981E009C0A00 /* PopularCollectionViewCell.swift */ = {isa = PBXFileReference; lastKnownFileType = sourcecode.swift; path = PopularCollectionViewCell.swift; sourceTree = "<group>"; };
/* End PBXFileReference section */

/* Begin PBXFrameworksBuildPhase section */
		172699232874AF0900074366 /* Frameworks */ = {
			isa = PBXFrameworksBuildPhase;
			buildActionMask = 2147483647;
			files = (
			);
			runOnlyForDeploymentPostprocessing = 0;
		};
/* End PBXFrameworksBuildPhase section */

/* Begin PBXGroup section */
		1726991D2874AF0900074366 = {
			isa = PBXGroup;
			children = (
				172699282874AF0900074366 /* MovieBox */,
				172699272874AF0900074366 /* Products */,
			);
			sourceTree = "<group>";
		};
		172699272874AF0900074366 /* Products */ = {
			isa = PBXGroup;
			children = (
				172699262874AF0900074366 /* MovieBox.app */,
			);
			name = Products;
			sourceTree = "<group>";
		};
		172699282874AF0900074366 /* MovieBox */ = {
			isa = PBXGroup;
			children = (
				17E893B9287C9878009C0A00 /* Views */,
				17E893B0287C95D7009C0A00 /* Controllers */,
				172699292874AF0900074366 /* AppDelegate.swift */,
				172C9B872880B0B800999630 /* Main.storyboard */,
				1726992B2874AF0900074366 /* SceneDelegate.swift */,
				17E893BA287C9E24009C0A00 /* supporting Files */,
				172C9B6D287DEDE700999630 /* Models */,
			);
			path = MovieBox;
			sourceTree = "<group>";
		};
		172C9B6D287DEDE700999630 /* Models */ = {
			isa = PBXGroup;
			children = (
				172C9B8B2881EBF700999630 /* Movie+API.swift */,
				172C9B6B287DEDE000999630 /* Movie.swift */,
				172C9B74287DF4E500999630 /* Movie+NowPlaying.swift */,
				172C9B76287DF4E500999630 /* Movie+Popular.swift */,
				172C9B75287DF4E500999630 /* Movie+TrendingThisWeek.swift */,
				172C9B77287DF4E500999630 /* Movie+TrendingToday.swift */,
				172C9B78287DF4E500999630 /* Movie+Upcoming.swift */,
				172C9B8D2881F8CA00999630 /* MoviesResponse.swift */,
			);
			path = Models;
			sourceTree = "<group>";
		};
		17E893B0287C95D7009C0A00 /* Controllers */ = {
			isa = PBXGroup;
			children = (
				17E893B1287C966E009C0A00 /* NowPlayingViewCell.swift */,
				1726992D2874AF0900074366 /* TrendingViewController.swift */,
				175135E228771794007C6632 /* FeaturedViewController.swift */,
				172C9B7E287E148800999630 /* FeaturedViewController+UICollectionViewDataSource.swift */,
				172C9B84287F47C500999630 /* FeaturedViewController+UICollectionViewDelegate.swift */,
				172C9B82287F3FB900999630 /* DetailsViewController.swift */,
			);
			path = Controllers;
			sourceTree = "<group>";
		};
		17E893B9287C9878009C0A00 /* Views */ = {
			isa = PBXGroup;
			children = (
				17E893B7287C981E009C0A00 /* PopularCollectionViewCell.swift */,
				17E893B3287C9698009C0A00 /* NowPlayingCollectionViewCell.swift */,
				17E893B5287C97B8009C0A00 /* UpcomingCollectionViewCell.swift */,
				172699342874AF0B00074366 /* LaunchScreen.storyboard */,
				172AFD2C288616BC0071FE1E /* TrendingTableViewCell.swift */,
			);
			path = Views;
			sourceTree = "<group>";
		};
		17E893BA287C9E24009C0A00 /* supporting Files */ = {
			isa = PBXGroup;
			children = (
				172699372874AF0B00074366 /* Info.plist */,
				172699322874AF0B00074366 /* Assets.xcassets */,
				172C9B892881E7A000999630 /* TMDB-Info.plist */,
			);
			name = "supporting Files";
			sourceTree = "<group>";
		};
/* End PBXGroup section */

/* Begin PBXNativeTarget section */
		172699252874AF0900074366 /* MovieBox */ = {
			isa = PBXNativeTarget;
			buildConfigurationList = 1726993A2874AF0B00074366 /* Build configuration list for PBXNativeTarget "MovieBox" */;
			buildPhases = (
				172699222874AF0900074366 /* Sources */,
				172699232874AF0900074366 /* Frameworks */,
				172699242874AF0900074366 /* Resources */,
			);
			buildRules = (
			);
			dependencies = (
			);
			name = MovieBox;
			productName = MovieBox;
			productReference = 172699262874AF0900074366 /* MovieBox.app */;
			productType = "com.apple.product-type.application";
		};
/* End PBXNativeTarget section */

/* Begin PBXProject section */
		1726991E2874AF0900074366 /* Project object */ = {
			isa = PBXProject;
			attributes = {
				BuildIndependentTargetsInParallel = 1;
				LastSwiftUpdateCheck = 1330;
				LastUpgradeCheck = 1330;
				TargetAttributes = {
					172699252874AF0900074366 = {
						CreatedOnToolsVersion = 13.3.1;
					};
				};
			};
			buildConfigurationList = 172699212874AF0900074366 /* Build configuration list for PBXProject "MovieBox" */;
			compatibilityVersion = "Xcode 13.0";
			developmentRegion = en;
			hasScannedForEncodings = 0;
			knownRegions = (
				en,
				Base,
			);
			mainGroup = 1726991D2874AF0900074366;
			productRefGroup = 172699272874AF0900074366 /* Products */;
			projectDirPath = "";
			projectRoot = "";
			targets = (
				172699252874AF0900074366 /* MovieBox */,
			);
		};
/* End PBXProject section */

/* Begin PBXResourcesBuildPhase section */
		172699242874AF0900074366 /* Resources */ = {
			isa = PBXResourcesBuildPhase;
			buildActionMask = 2147483647;
			files = (
				172C9B882880B0B800999630 /* Main.storyboard in Resources */,
				172C9B8A2881E7A000999630 /* TMDB-Info.plist in Resources */,
				172699362874AF0B00074366 /* LaunchScreen.storyboard in Resources */,
				172699332874AF0B00074366 /* Assets.xcassets in Resources */,
			);
			runOnlyForDeploymentPostprocessing = 0;
		};
/* End PBXResourcesBuildPhase section */

/* Begin PBXSourcesBuildPhase section */
		172699222874AF0900074366 /* Sources */ = {
			isa = PBXSourcesBuildPhase;
			buildActionMask = 2147483647;
			files = (
				172AFD2D288616BC0071FE1E /* TrendingTableViewCell.swift in Sources */,
				172C9B7D287DF4E500999630 /* Movie+Upcoming.swift in Sources */,
				1726992E2874AF0900074366 /* TrendingViewController.swift in Sources */,
				172C9B7A287DF4E500999630 /* Movie+TrendingThisWeek.swift in Sources */,
				172C9B6C287DEDE000999630 /* Movie.swift in Sources */,
				172C9B8E2881F8CA00999630 /* MoviesResponse.swift in Sources */,
				172C9B7F287E148800999630 /* FeaturedViewController+UICollectionViewDataSource.swift in Sources */,
				1726992A2874AF0900074366 /* AppDelegate.swift in Sources */,
				172C9B7C287DF4E500999630 /* Movie+TrendingToday.swift in Sources */,
				17E893B4287C9698009C0A00 /* NowPlayingCollectionViewCell.swift in Sources */,
				172C9B85287F47C500999630 /* FeaturedViewController+UICollectionViewDelegate.swift in Sources */,
				175135E328771794007C6632 /* FeaturedViewController.swift in Sources */,
				17E893B8287C981E009C0A00 /* PopularCollectionViewCell.swift in Sources */,
				172C9B8C2881EBF700999630 /* Movie+API.swift in Sources */,
				172C9B79287DF4E500999630 /* Movie+NowPlaying.swift in Sources */,
				172C9B83287F3FB900999630 /* DetailsViewController.swift in Sources */,
				172C9B7B287DF4E500999630 /* Movie+Popular.swift in Sources */,
				17E893B6287C97B9009C0A00 /* UpcomingCollectionViewCell.swift in Sources */,
				17E893B2287C966E009C0A00 /* NowPlayingViewCell.swift in Sources */,
				1726992C2874AF0900074366 /* SceneDelegate.swift in Sources */,
			);
			runOnlyForDeploymentPostprocessing = 0;
		};
/* End PBXSourcesBuildPhase section */

/* Begin PBXVariantGroup section */
		172699342874AF0B00074366 /* LaunchScreen.storyboard */ = {
			isa = PBXVariantGroup;
			children = (
				172699352874AF0B00074366 /* Base */,
			);
			name = LaunchScreen.storyboard;
			sourceTree = "<group>";
		};
/* End PBXVariantGroup section */

/* Begin XCBuildConfiguration section */
		172699382874AF0B00074366 /* Debug */ = {
			isa = XCBuildConfiguration;
			buildSettings = {
				ALWAYS_SEARCH_USER_PATHS = NO;
				CLANG_ANALYZER_NONNULL = YES;
				CLANG_ANALYZER_NUMBER_OBJECT_CONVERSION = YES_AGGRESSIVE;
				CLANG_CXX_LANGUAGE_STANDARD = "gnu++17";
				CLANG_ENABLE_MODULES = YES;
				CLANG_ENABLE_OBJC_ARC = YES;
				CLANG_ENABLE_OBJC_WEAK = YES;
				CLANG_WARN_BLOCK_CAPTURE_AUTORELEASING = YES;
				CLANG_WARN_BOOL_CONVERSION = YES;
				CLANG_WARN_COMMA = YES;
				CLANG_WARN_CONSTANT_CONVERSION = YES;
				CLANG_WARN_DEPRECATED_OBJC_IMPLEMENTATIONS = YES;
				CLANG_WARN_DIRECT_OBJC_ISA_USAGE = YES_ERROR;
				CLANG_WARN_DOCUMENTATION_COMMENTS = YES;
				CLANG_WARN_EMPTY_BODY = YES;
				CLANG_WARN_ENUM_CONVERSION = YES;
				CLANG_WARN_INFINITE_RECURSION = YES;
				CLANG_WARN_INT_CONVERSION = YES;
				CLANG_WARN_NON_LITERAL_NULL_CONVERSION = YES;
				CLANG_WARN_OBJC_IMPLICIT_RETAIN_SELF = YES;
				CLANG_WARN_OBJC_LITERAL_CONVERSION = YES;
				CLANG_WARN_OBJC_ROOT_CLASS = YES_ERROR;
				CLANG_WARN_QUOTED_INCLUDE_IN_FRAMEWORK_HEADER = YES;
				CLANG_WARN_RANGE_LOOP_ANALYSIS = YES;
				CLANG_WARN_STRICT_PROTOTYPES = YES;
				CLANG_WARN_SUSPICIOUS_MOVE = YES;
				CLANG_WARN_UNGUARDED_AVAILABILITY = YES_AGGRESSIVE;
				CLANG_WARN_UNREACHABLE_CODE = YES;
				CLANG_WARN__DUPLICATE_METHOD_MATCH = YES;
				COPY_PHASE_STRIP = NO;
				DEBUG_INFORMATION_FORMAT = dwarf;
				ENABLE_STRICT_OBJC_MSGSEND = YES;
				ENABLE_TESTABILITY = YES;
				GCC_C_LANGUAGE_STANDARD = gnu11;
				GCC_DYNAMIC_NO_PIC = NO;
				GCC_NO_COMMON_BLOCKS = YES;
				GCC_OPTIMIZATION_LEVEL = 0;
				GCC_PREPROCESSOR_DEFINITIONS = (
					"DEBUG=1",
					"$(inherited)",
				);
				GCC_WARN_64_TO_32_BIT_CONVERSION = YES;
				GCC_WARN_ABOUT_RETURN_TYPE = YES_ERROR;
				GCC_WARN_UNDECLARED_SELECTOR = YES;
				GCC_WARN_UNINITIALIZED_AUTOS = YES_AGGRESSIVE;
				GCC_WARN_UNUSED_FUNCTION = YES;
				GCC_WARN_UNUSED_VARIABLE = YES;
				IPHONEOS_DEPLOYMENT_TARGET = 15.4;
				MTL_ENABLE_DEBUG_INFO = INCLUDE_SOURCE;
				MTL_FAST_MATH = YES;
				ONLY_ACTIVE_ARCH = YES;
				SDKROOT = iphoneos;
				SWIFT_ACTIVE_COMPILATION_CONDITIONS = DEBUG;
				SWIFT_OPTIMIZATION_LEVEL = "-Onone";
			};
			name = Debug;
		};
		172699392874AF0B00074366 /* Release */ = {
			isa = XCBuildConfiguration;
			buildSettings = {
				ALWAYS_SEARCH_USER_PATHS = NO;
				CLANG_ANALYZER_NONNULL = YES;
				CLANG_ANALYZER_NUMBER_OBJECT_CONVERSION = YES_AGGRESSIVE;
				CLANG_CXX_LANGUAGE_STANDARD = "gnu++17";
				CLANG_ENABLE_MODULES = YES;
				CLANG_ENABLE_OBJC_ARC = YES;
				CLANG_ENABLE_OBJC_WEAK = YES;
				CLANG_WARN_BLOCK_CAPTURE_AUTORELEASING = YES;
				CLANG_WARN_BOOL_CONVERSION = YES;
				CLANG_WARN_COMMA = YES;
				CLANG_WARN_CONSTANT_CONVERSION = YES;
				CLANG_WARN_DEPRECATED_OBJC_IMPLEMENTATIONS = YES;
				CLANG_WARN_DIRECT_OBJC_ISA_USAGE = YES_ERROR;
				CLANG_WARN_DOCUMENTATION_COMMENTS = YES;
				CLANG_WARN_EMPTY_BODY = YES;
				CLANG_WARN_ENUM_CONVERSION = YES;
				CLANG_WARN_INFINITE_RECURSION = YES;
				CLANG_WARN_INT_CONVERSION = YES;
				CLANG_WARN_NON_LITERAL_NULL_CONVERSION = YES;
				CLANG_WARN_OBJC_IMPLICIT_RETAIN_SELF = YES;
				CLANG_WARN_OBJC_LITERAL_CONVERSION = YES;
				CLANG_WARN_OBJC_ROOT_CLASS = YES_ERROR;
				CLANG_WARN_QUOTED_INCLUDE_IN_FRAMEWORK_HEADER = YES;
				CLANG_WARN_RANGE_LOOP_ANALYSIS = YES;
				CLANG_WARN_STRICT_PROTOTYPES = YES;
				CLANG_WARN_SUSPICIOUS_MOVE = YES;
				CLANG_WARN_UNGUARDED_AVAILABILITY = YES_AGGRESSIVE;
				CLANG_WARN_UNREACHABLE_CODE = YES;
				CLANG_WARN__DUPLICATE_METHOD_MATCH = YES;
				COPY_PHASE_STRIP = NO;
				DEBUG_INFORMATION_FORMAT = "dwarf-with-dsym";
				ENABLE_NS_ASSERTIONS = NO;
				ENABLE_STRICT_OBJC_MSGSEND = YES;
				GCC_C_LANGUAGE_STANDARD = gnu11;
				GCC_NO_COMMON_BLOCKS = YES;
				GCC_WARN_64_TO_32_BIT_CONVERSION = YES;
				GCC_WARN_ABOUT_RETURN_TYPE = YES_ERROR;
				GCC_WARN_UNDECLARED_SELECTOR = YES;
				GCC_WARN_UNINITIALIZED_AUTOS = YES_AGGRESSIVE;
				GCC_WARN_UNUSED_FUNCTION = YES;
				GCC_WARN_UNUSED_VARIABLE = YES;
				IPHONEOS_DEPLOYMENT_TARGET = 15.4;
				MTL_ENABLE_DEBUG_INFO = NO;
				MTL_FAST_MATH = YES;
				SDKROOT = iphoneos;
				SWIFT_COMPILATION_MODE = wholemodule;
				SWIFT_OPTIMIZATION_LEVEL = "-O";
				VALIDATE_PRODUCT = YES;
			};
			name = Release;
		};
		1726993B2874AF0B00074366 /* Debug */ = {
			isa = XCBuildConfiguration;
			buildSettings = {
				ASSETCATALOG_COMPILER_APPICON_NAME = AppIcon;
				ASSETCATALOG_COMPILER_GLOBAL_ACCENT_COLOR_NAME = AccentColor;
				CODE_SIGN_STYLE = Automatic;
				CURRENT_PROJECT_VERSION = 1;
				DEVELOPMENT_TEAM = 749Q737TF5;
				GENERATE_INFOPLIST_FILE = YES;
				INFOPLIST_FILE = MovieBox/Info.plist;
				INFOPLIST_KEY_UIApplicationSupportsIndirectInputEvents = YES;
				INFOPLIST_KEY_UILaunchStoryboardName = LaunchScreen;
				INFOPLIST_KEY_UIMainStoryboardFile = Main;
				INFOPLIST_KEY_UISupportedInterfaceOrientations_iPad = "UIInterfaceOrientationPortrait UIInterfaceOrientationPortraitUpsideDown UIInterfaceOrientationLandscapeLeft UIInterfaceOrientationLandscapeRight";
				INFOPLIST_KEY_UISupportedInterfaceOrientations_iPhone = "UIInterfaceOrientationPortrait UIInterfaceOrientationLandscapeLeft UIInterfaceOrientationLandscapeRight";
				LD_RUNPATH_SEARCH_PATHS = (
					"$(inherited)",
					"@executable_path/Frameworks",
				);
				MARKETING_VERSION = 1.0;
				PRODUCT_BUNDLE_IDENTIFIER = br.ufpe.cin.academy.MovieBox;
				PRODUCT_NAME = "$(TARGET_NAME)";
				SWIFT_EMIT_LOC_STRINGS = YES;
				SWIFT_VERSION = 5.0;
				TARGETED_DEVICE_FAMILY = "1,2";
			};
			name = Debug;
		};
		1726993C2874AF0B00074366 /* Release */ = {
			isa = XCBuildConfiguration;
			buildSettings = {
				ASSETCATALOG_COMPILER_APPICON_NAME = AppIcon;
				ASSETCATALOG_COMPILER_GLOBAL_ACCENT_COLOR_NAME = AccentColor;
				CODE_SIGN_STYLE = Automatic;
				CURRENT_PROJECT_VERSION = 1;
				DEVELOPMENT_TEAM = 749Q737TF5;
				GENERATE_INFOPLIST_FILE = YES;
				INFOPLIST_FILE = MovieBox/Info.plist;
				INFOPLIST_KEY_UIApplicationSupportsIndirectInputEvents = YES;
				INFOPLIST_KEY_UILaunchStoryboardName = LaunchScreen;
				INFOPLIST_KEY_UIMainStoryboardFile = Main;
				INFOPLIST_KEY_UISupportedInterfaceOrientations_iPad = "UIInterfaceOrientationPortrait UIInterfaceOrientationPortraitUpsideDown UIInterfaceOrientationLandscapeLeft UIInterfaceOrientationLandscapeRight";
				INFOPLIST_KEY_UISupportedInterfaceOrientations_iPhone = "UIInterfaceOrientationPortrait UIInterfaceOrientationLandscapeLeft UIInterfaceOrientationLandscapeRight";
				LD_RUNPATH_SEARCH_PATHS = (
					"$(inherited)",
					"@executable_path/Frameworks",
				);
				MARKETING_VERSION = 1.0;
				PRODUCT_BUNDLE_IDENTIFIER = br.ufpe.cin.academy.MovieBox;
				PRODUCT_NAME = "$(TARGET_NAME)";
				SWIFT_EMIT_LOC_STRINGS = YES;
				SWIFT_VERSION = 5.0;
				TARGETED_DEVICE_FAMILY = "1,2";
			};
			name = Release;
		};
/* End XCBuildConfiguration section */

/* Begin XCConfigurationList section */
		172699212874AF0900074366 /* Build configuration list for PBXProject "MovieBox" */ = {
			isa = XCConfigurationList;
			buildConfigurations = (
				172699382874AF0B00074366 /* Debug */,
				172699392874AF0B00074366 /* Release */,
			);
			defaultConfigurationIsVisible = 0;
			defaultConfigurationName = Release;
		};
		1726993A2874AF0B00074366 /* Build configuration list for PBXNativeTarget "MovieBox" */ = {
			isa = XCConfigurationList;
			buildConfigurations = (
				1726993B2874AF0B00074366 /* Debug */,
				1726993C2874AF0B00074366 /* Release */,
			);
			defaultConfigurationIsVisible = 0;
			defaultConfigurationName = Release;
		};
/* End XCConfigurationList section */
	};
	rootObject = 1726991E2874AF0900074366 /* Project object */;
}
